
Microsoft Visual Studio Solution File, Format Version 12.00
# Visual Studio Version 16
VisualStudioVersion = 16.0.30711.63
MinimumVisualStudioVersion = 10.0.40219.1
Project("{FAE04EC0-301F-11D3-BF4B-00C04F79EFBC}") = "ATMTutorial", "ATMTutorial.csproj", "{7A1B8F83-58A8-4B82-8818-37D52D244C8E}"
EndProject
Global
	GlobalSection(SolutionConfigurationPlatforms) = preSolution
		Debug|Any CPU = Debug|Any CPU
		Release|Any CPU = Release|Any CPU
	EndGlobalSection
	GlobalSection(ProjectConfigurationPlatforms) = postSolution
		{7A1B8F83-58A8-4B82-8818-37D52D244C8E}.Debug|Any CPU.ActiveCfg = Debug|Any CPU
		{7A1B8F83-58A8-4B82-8818-37D52D244C8E}.Debug|Any CPU.Build.0 = Debug|Any CPU
		{7A1B8F83-58A8-4B82-8818-37D52D244C8E}.Release|Any CPU.ActiveCfg = Release|Any CPU
		{7A1B8F83-58A8-4B82-8818-37D52D244C8E}.Release|Any CPU.Build.0 = Release|Any CPU
	EndGlobalSection
	GlobalSection(SolutionProperties) = preSolution
		HideSolutionNode = FALSE
	EndGlobalSection
	GlobalSection(ExtensibilityGlobals) = postSolution
		SolutionGuid = {4686053F-0C87-4A9C-8FA0-284E178E4992}
	EndGlobalSection
EndGlobal
